
Microsoft Visual Studio Solution File, Format Version 12.00
# Visual Studio Version 17
VisualStudioVersion = 17.0.31903.59
MinimumVisualStudioVersion = 10.0.40219.1
Project("{2150E333-8FDC-42A3-9474-1A3956D46DE8}") = "src", "src", "{52DB0807-E575-45E0-9476-40E67061B555}"
EndProject
Project("{FAE04EC0-301F-11D3-BF4B-00C04F79EFBC}") = "BibleShow.Core", "src\BibleShow.Core\BibleShow.Core.csproj", "{B2F51ED1-716A-42B7-96D7-434B295CEAC1}"
EndProject
Project("{FAE04EC0-301F-11D3-BF4B-00C04F79EFBC}") = "BibleShow.UI", "src\BibleShow.UI\BibleShow.UI.csproj", "{2AD3C843-B7B7-4B9D-8767-7A9035FAD833}"
EndProject
Project("{FAE04EC0-301F-11D3-BF4B-00C04F79EFBC}") = "BibleShow.API", "src\BibleShow.API\BibleShow.API.csproj", "{B0380F04-0EE5-486D-9195-D644A35BD815}"
EndProject
Project("{FAE04EC0-301F-11D3-BF4B-00C04F79EFBC}") = "BibleShow.Data", "src\BibleShow.Data\BibleShow.Data.csproj", "{82874422-8093-42DA-8F66-9D733AFA3A16}"
EndProject
Project("{2150E333-8FDC-42A3-9474-1A3956D46DE8}") = "tests", "tests", "{B8A92214-AF7C-4D32-A437-3B4C82F768AC}"
EndProject
Project("{FAE04EC0-301F-11D3-BF4B-00C04F79EFBC}") = "BibleShow.Core.Tests", "tests\BibleShow.Core.Tests\BibleShow.Core.Tests.csproj", "{25EA5AE3-016C-45EE-AB6D-64001790B8BC}"
EndProject
Project("{FAE04EC0-301F-11D3-BF4B-00C04F79EFBC}") = "BibleShow.API.Tests", "tests\BibleShow.API.Tests\BibleShow.API.Tests.csproj", "{E6B97A07-801D-45BD-BF2E-0E439B4EF649}"
EndProject
Project("{FAE04EC0-301F-11D3-BF4B-00C04F79EFBC}") = "BibleShow.Data.Tests", "tests\BibleShow.Data.Tests\BibleShow.Data.Tests.csproj", "{9B978E3A-2D6C-4F6B-A97E-E24BC28D5398}"
EndProject
Global
	GlobalSection(SolutionConfigurationPlatforms) = preSolution
		Debug|Any CPU = Debug|Any CPU
		Release|Any CPU = Release|Any CPU
	EndGlobalSection
	GlobalSection(SolutionProperties) = preSolution
		HideSolutionNode = FALSE
	EndGlobalSection
	GlobalSection(ProjectConfigurationPlatforms) = postSolution
		{B2F51ED1-716A-42B7-96D7-434B295CEAC1}.Debug|Any CPU.ActiveCfg = Debug|Any CPU
		{B2F51ED1-716A-42B7-96D7-434B295CEAC1}.Debug|Any CPU.Build.0 = Debug|Any CPU
		{B2F51ED1-716A-42B7-96D7-434B295CEAC1}.Release|Any CPU.ActiveCfg = Release|Any CPU
		{B2F51ED1-716A-42B7-96D7-434B295CEAC1}.Release|Any CPU.Build.0 = Release|Any CPU
		{2AD3C843-B7B7-4B9D-8767-7A9035FAD833}.Debug|Any CPU.ActiveCfg = Debug|Any CPU
		{2AD3C843-B7B7-4B9D-8767-7A9035FAD833}.Debug|Any CPU.Build.0 = Debug|Any CPU
		{2AD3C843-B7B7-4B9D-8767-7A9035FAD833}.Release|Any CPU.ActiveCfg = Release|Any CPU
		{2AD3C843-B7B7-4B9D-8767-7A9035FAD833}.Release|Any CPU.Build.0 = Release|Any CPU
		{B0380F04-0EE5-486D-9195-D644A35BD815}.Debug|Any CPU.ActiveCfg = Debug|Any CPU
		{B0380F04-0EE5-486D-9195-D644A35BD815}.Debug|Any CPU.Build.0 = Debug|Any CPU
		{B0380F04-0EE5-486D-9195-D644A35BD815}.Release|Any CPU.ActiveCfg = Release|Any CPU
		{B0380F04-0EE5-486D-9195-D644A35BD815}.Release|Any CPU.Build.0 = Release|Any CPU
		{82874422-8093-42DA-8F66-9D733AFA3A16}.Debug|Any CPU.ActiveCfg = Debug|Any CPU
		{82874422-8093-42DA-8F66-9D733AFA3A16}.Debug|Any CPU.Build.0 = Debug|Any CPU
		{82874422-8093-42DA-8F66-9D733AFA3A16}.Release|Any CPU.ActiveCfg = Release|Any CPU
		{82874422-8093-42DA-8F66-9D733AFA3A16}.Release|Any CPU.Build.0 = Release|Any CPU
		{25EA5AE3-016C-45EE-AB6D-64001790B8BC}.Debug|Any CPU.ActiveCfg = Debug|Any CPU
		{25EA5AE3-016C-45EE-AB6D-64001790B8BC}.Debug|Any CPU.Build.0 = Debug|Any CPU
		{25EA5AE3-016C-45EE-AB6D-64001790B8BC}.Release|Any CPU.ActiveCfg = Release|Any CPU
		{25EA5AE3-016C-45EE-AB6D-64001790B8BC}.Release|Any CPU.Build.0 = Release|Any CPU
		{E6B97A07-801D-45BD-BF2E-0E439B4EF649}.Debug|Any CPU.ActiveCfg = Debug|Any CPU
		{E6B97A07-801D-45BD-BF2E-0E439B4EF649}.Debug|Any CPU.Build.0 = Debug|Any CPU
		{E6B97A07-801D-45BD-BF2E-0E439B4EF649}.Release|Any CPU.ActiveCfg = Release|Any CPU
		{E6B97A07-801D-45BD-BF2E-0E439B4EF649}.Release|Any CPU.Build.0 = Release|Any CPU
		{9B978E3A-2D6C-4F6B-A97E-E24BC28D5398}.Debug|Any CPU.ActiveCfg = Debug|Any CPU
		{9B978E3A-2D6C-4F6B-A97E-E24BC28D5398}.Debug|Any CPU.Build.0 = Debug|Any CPU
		{9B978E3A-2D6C-4F6B-A97E-E24BC28D5398}.Release|Any CPU.ActiveCfg = Release|Any CPU
		{9B978E3A-2D6C-4F6B-A97E-E24BC28D5398}.Release|Any CPU.Build.0 = Release|Any CPU
	EndGlobalSection
	GlobalSection(NestedProjects) = preSolution
		{B2F51ED1-716A-42B7-96D7-434B295CEAC1} = {52DB0807-E575-45E0-9476-40E67061B555}
		{2AD3C843-B7B7-4B9D-8767-7A9035FAD833} = {52DB0807-E575-45E0-9476-40E67061B555}
		{B0380F04-0EE5-486D-9195-D644A35BD815} = {52DB0807-E575-45E0-9476-40E67061B555}
		{82874422-8093-42DA-8F66-9D733AFA3A16} = {52DB0807-E575-45E0-9476-40E67061B555}
		{25EA5AE3-016C-45EE-AB6D-64001790B8BC} = {B8A92214-AF7C-4D32-A437-3B4C82F768AC}
		{E6B97A07-801D-45BD-BF2E-0E439B4EF649} = {B8A92214-AF7C-4D32-A437-3B4C82F768AC}
		{9B978E3A-2D6C-4F6B-A97E-E24BC28D5398} = {B8A92214-AF7C-4D32-A437-3B4C82F768AC}
	EndGlobalSection
EndGlobal
